
Microsoft Visual Studio Solution File, Format Version 12.00
# Visual Studio Version 17
VisualStudioVersion = 17.14.36414.22 d17.14
MinimumVisualStudioVersion = 10.0.40219.1
Project("{FAE04EC0-301F-11D3-BF4B-00C04F79EFBC}") = "LogicTier", "LogicTier\LogicTier.csproj", "{07B3E190-1FE0-4F06-BA84-9FAF73FF5834}"
EndProject
Project("{FAE04EC0-301F-11D3-BF4B-00C04F79EFBC}") = "DataTier", "DataTier\DataTier.csproj", "{612220BF-BF7B-4BB4-8357-D028CEB00659}"
EndProject
Project("{FAE04EC0-301F-11D3-BF4B-00C04F79EFBC}") = "PresentationTier", "PresentationTier\PresentationTier.csproj", "{D3519144-23AC-4935-B3C3-6FC838DAD098}"
EndProject
Global
	GlobalSection(SolutionConfigurationPlatforms) = preSolution
		Debug|Any CPU = Debug|Any CPU
		Release|Any CPU = Release|Any CPU
	EndGlobalSection
	GlobalSection(ProjectConfigurationPlatforms) = postSolution
		{07B3E190-1FE0-4F06-BA84-9FAF73FF5834}.Debug|Any CPU.ActiveCfg = Debug|Any CPU
		{07B3E190-1FE0-4F06-BA84-9FAF73FF5834}.Debug|Any CPU.Build.0 = Debug|Any CPU
		{07B3E190-1FE0-4F06-BA84-9FAF73FF5834}.Release|Any CPU.ActiveCfg = Release|Any CPU
		{07B3E190-1FE0-4F06-BA84-9FAF73FF5834}.Release|Any CPU.Build.0 = Release|Any CPU
		{612220BF-BF7B-4BB4-8357-D028CEB00659}.Debug|Any CPU.ActiveCfg = Debug|Any CPU
		{612220BF-BF7B-4BB4-8357-D028CEB00659}.Debug|Any CPU.Build.0 = Debug|Any CPU
		{612220BF-BF7B-4BB4-8357-D028CEB00659}.Release|Any CPU.ActiveCfg = Release|Any CPU
		{612220BF-BF7B-4BB4-8357-D028CEB00659}.Release|Any CPU.Build.0 = Release|Any CPU
		{D3519144-23AC-4935-B3C3-6FC838DAD098}.Debug|Any CPU.ActiveCfg = Debug|Any CPU
		{D3519144-23AC-4935-B3C3-6FC838DAD098}.Debug|Any CPU.Build.0 = Debug|Any CPU
		{D3519144-23AC-4935-B3C3-6FC838DAD098}.Release|Any CPU.ActiveCfg = Release|Any CPU
		{D3519144-23AC-4935-B3C3-6FC838DAD098}.Release|Any CPU.Build.0 = Release|Any CPU
	EndGlobalSection
	GlobalSection(SolutionProperties) = preSolution
		HideSolutionNode = FALSE
	EndGlobalSection
	GlobalSection(ExtensibilityGlobals) = postSolution
		SolutionGuid = {F08BA84F-3E47-4980-8C3E-28BEE19ABF9E}
	EndGlobalSection
EndGlobal
