
Microsoft Visual Studio Solution File, Format Version 12.00
# Visual Studio Version 17
VisualStudioVersion = 17.14.36414.22 d17.14
MinimumVisualStudioVersion = 10.0.40219.1
Project("{FAE04EC0-301F-11D3-BF4B-00C04F79EFBC}") = "WpfExample", "WpfExample\WpfExample.csproj", "{BA60FC3A-FE78-404A-A65A-144E4FD5550A}"
EndProject
Global
	GlobalSection(SolutionConfigurationPlatforms) = preSolution
		Debug|Any CPU = Debug|Any CPU
		Release|Any CPU = Release|Any CPU
	EndGlobalSection
	GlobalSection(ProjectConfigurationPlatforms) = postSolution
		{BA60FC3A-FE78-404A-A65A-144E4FD5550A}.Debug|Any CPU.ActiveCfg = Debug|Any CPU
		{BA60FC3A-FE78-404A-A65A-144E4FD5550A}.Debug|Any CPU.Build.0 = Debug|Any CPU
		{BA60FC3A-FE78-404A-A65A-144E4FD5550A}.Release|Any CPU.ActiveCfg = Release|Any CPU
		{BA60FC3A-FE78-404A-A65A-144E4FD5550A}.Release|Any CPU.Build.0 = Release|Any CPU
	EndGlobalSection
	GlobalSection(SolutionProperties) = preSolution
		HideSolutionNode = FALSE
	EndGlobalSection
	GlobalSection(ExtensibilityGlobals) = postSolution
		SolutionGuid = {A7D2083F-FE52-4A9B-B194-6FCAB46B2988}
	EndGlobalSection
EndGlobal
